Microsoft Visual Studio Solution File, Format Version 12.00
# Visual Studio Version 17
VisualStudioVersion = 17.5.2.0
MinimumVisualStudioVersion = 10.0.40219.1
Project("{FAE04EC0-301F-11D3-BF4B-00C04F79EFBC}") = "demoAiChat.OpenAi", "demoAiChat.OpenAi.csproj", "{5274922B-CB8A-456F-D97E-54A7025AE9D2}"
EndProject
Global
	GlobalSection(SolutionConfigurationPlatforms) = preSolution
		Debug|Any CPU = Debug|Any CPU
		Release|Any CPU = Release|Any CPU
	EndGlobalSection
	GlobalSection(ProjectConfigurationPlatforms) = postSolution
		{5274922B-CB8A-456F-D97E-54A7025AE9D2}.Debug|Any CPU.ActiveCfg = Debug|Any CPU
		{5274922B-CB8A-456F-D97E-54A7025AE9D2}.Debug|Any CPU.Build.0 = Debug|Any CPU
		{5274922B-CB8A-456F-D97E-54A7025AE9D2}.Release|Any CPU.ActiveCfg = Release|Any CPU
		{5274922B-CB8A-456F-D97E-54A7025AE9D2}.Release|Any CPU.Build.0 = Release|Any CPU
	EndGlobalSection
	GlobalSection(SolutionProperties) = preSolution
		HideSolutionNode = FALSE
	EndGlobalSection
	GlobalSection(ExtensibilityGlobals) = postSolution
		SolutionGuid = {A1F2F93D-7A56-4AEF-9395-EBE9770EBD0B}
	EndGlobalSection
EndGlobal
